
Microsoft Visual Studio Solution File, Format Version 12.00
# Visual Studio Version 17
VisualStudioVersion = 17.2.32616.157
MinimumVisualStudioVersion = 10.0.40219.1
Project("{9A19103F-16F7-4668-BE54-9A1E7A4F7556}") = "RoadMD", "src\RoadMD\RoadMD.csproj", "{F313B681-6B3D-4A7D-9731-743460B0BBA5}"
EndProject
Project("{2150E333-8FDC-42A3-9474-1A3956D46DE8}") = "src", "src", "{70AE2780-DD5D-4AB5-ADF8-ACDD9E1ED95E}"
EndProject
Project("{2150E333-8FDC-42A3-9474-1A3956D46DE8}") = "Solution Items", "Solution Items", "{D54A9243-BF35-4588-BCF0-0C692843CA00}"
	ProjectSection(SolutionItems) = preProject
		.editorconfig = .editorconfig
	EndProjectSection
EndProject
Project("{9A19103F-16F7-4668-BE54-9A1E7A4F7556}") = "RoadMD.Domain", "src\RoadMD.Domain\RoadMD.Domain.csproj", "{7382F459-D414-47AA-9E1B-668E0940E557}"
EndProject
Project("{9A19103F-16F7-4668-BE54-9A1E7A4F7556}") = "RoadMD.Application", "src\RoadMD.Application\RoadMD.Application.csproj", "{4BDEA49F-45CB-48A4-B760-1F7990A78A48}"
EndProject
Project("{9A19103F-16F7-4668-BE54-9A1E7A4F7556}") = "RoadMD.EntityFrameworkCore", "src\RoadMD.EntityFrameworkCore\RoadMD.EntityFrameworkCore.csproj", "{A3202D1F-25A0-4032-A934-7220E721EB15}"
EndProject
Project("{9A19103F-16F7-4668-BE54-9A1E7A4F7556}") = "RoadMD.Module.PhotoStorage.Abstractions", "src\RoadMD.Module.PhotoStorage.Abstractions\RoadMD.Module.PhotoStorage.Abstractions.csproj", "{8328EA39-F135-4532-8595-743C63BBE76A}"
EndProject
Project("{2150E333-8FDC-42A3-9474-1A3956D46DE8}") = "tests", "tests", "{884A3C6B-DC55-427F-ADB1-7C2D953A5FB3}"
EndProject
Project("{9A19103F-16F7-4668-BE54-9A1E7A4F7556}") = "RoadMD.Module.AzurePhotoStorage", "src\RoadMD.Module.AzurePhotoStorage\RoadMD.Module.AzurePhotoStorage.csproj", "{00A3DC21-E158-415C-AF68-4AFF3A442ACD}"
EndProject
Project("{9A19103F-16F7-4668-BE54-9A1E7A4F7556}") = "RoadMD.Application.UnitTests", "tests\RoadMD.Application.UnitTests\RoadMD.Application.UnitTests.csproj", "{B08C99F3-E90A-4B7C-9D4F-8C52EE861894}"
EndProject
Global
	GlobalSection(SolutionConfigurationPlatforms) = preSolution
		Debug|Any CPU = Debug|Any CPU
		Release|Any CPU = Release|Any CPU
	EndGlobalSection
	GlobalSection(ProjectConfigurationPlatforms) = postSolution
		{F313B681-6B3D-4A7D-9731-743460B0BBA5}.Debug|Any CPU.ActiveCfg = Debug|Any CPU
		{F313B681-6B3D-4A7D-9731-743460B0BBA5}.Debug|Any CPU.Build.0 = Debug|Any CPU
		{F313B681-6B3D-4A7D-9731-743460B0BBA5}.Release|Any CPU.ActiveCfg = Release|Any CPU
		{F313B681-6B3D-4A7D-9731-743460B0BBA5}.Release|Any CPU.Build.0 = Release|Any CPU
		{7382F459-D414-47AA-9E1B-668E0940E557}.Debug|Any CPU.ActiveCfg = Debug|Any CPU
		{7382F459-D414-47AA-9E1B-668E0940E557}.Debug|Any CPU.Build.0 = Debug|Any CPU
		{7382F459-D414-47AA-9E1B-668E0940E557}.Release|Any CPU.ActiveCfg = Release|Any CPU
		{7382F459-D414-47AA-9E1B-668E0940E557}.Release|Any CPU.Build.0 = Release|Any CPU
		{4BDEA49F-45CB-48A4-B760-1F7990A78A48}.Debug|Any CPU.ActiveCfg = Debug|Any CPU
		{4BDEA49F-45CB-48A4-B760-1F7990A78A48}.Debug|Any CPU.Build.0 = Debug|Any CPU
		{4BDEA49F-45CB-48A4-B760-1F7990A78A48}.Release|Any CPU.ActiveCfg = Release|Any CPU
		{4BDEA49F-45CB-48A4-B760-1F7990A78A48}.Release|Any CPU.Build.0 = Release|Any CPU
		{A3202D1F-25A0-4032-A934-7220E721EB15}.Debug|Any CPU.ActiveCfg = Debug|Any CPU
		{A3202D1F-25A0-4032-A934-7220E721EB15}.Debug|Any CPU.Build.0 = Debug|Any CPU
		{A3202D1F-25A0-4032-A934-7220E721EB15}.Release|Any CPU.ActiveCfg = Release|Any CPU
		{A3202D1F-25A0-4032-A934-7220E721EB15}.Release|Any CPU.Build.0 = Release|Any CPU
		{8328EA39-F135-4532-8595-743C63BBE76A}.Debug|Any CPU.ActiveCfg = Debug|Any CPU
		{8328EA39-F135-4532-8595-743C63BBE76A}.Debug|Any CPU.Build.0 = Debug|Any CPU
		{8328EA39-F135-4532-8595-743C63BBE76A}.Release|Any CPU.ActiveCfg = Release|Any CPU
		{8328EA39-F135-4532-8595-743C63BBE76A}.Release|Any CPU.Build.0 = Release|Any CPU
		{00A3DC21-E158-415C-AF68-4AFF3A442ACD}.Debug|Any CPU.ActiveCfg = Debug|Any CPU
		{00A3DC21-E158-415C-AF68-4AFF3A442ACD}.Debug|Any CPU.Build.0 = Debug|Any CPU
		{00A3DC21-E158-415C-AF68-4AFF3A442ACD}.Release|Any CPU.ActiveCfg = Release|Any CPU
		{00A3DC21-E158-415C-AF68-4AFF3A442ACD}.Release|Any CPU.Build.0 = Release|Any CPU
		{B08C99F3-E90A-4B7C-9D4F-8C52EE861894}.Debug|Any CPU.ActiveCfg = Debug|Any CPU
		{B08C99F3-E90A-4B7C-9D4F-8C52EE861894}.Debug|Any CPU.Build.0 = Debug|Any CPU
		{B08C99F3-E90A-4B7C-9D4F-8C52EE861894}.Release|Any CPU.ActiveCfg = Release|Any CPU
		{B08C99F3-E90A-4B7C-9D4F-8C52EE861894}.Release|Any CPU.Build.0 = Release|Any CPU
	EndGlobalSection
	GlobalSection(SolutionProperties) = preSolution
		HideSolutionNode = FALSE
	EndGlobalSection
	GlobalSection(NestedProjects) = preSolution
		{F313B681-6B3D-4A7D-9731-743460B0BBA5} = {70AE2780-DD5D-4AB5-ADF8-ACDD9E1ED95E}
		{7382F459-D414-47AA-9E1B-668E0940E557} = {70AE2780-DD5D-4AB5-ADF8-ACDD9E1ED95E}
		{4BDEA49F-45CB-48A4-B760-1F7990A78A48} = {70AE2780-DD5D-4AB5-ADF8-ACDD9E1ED95E}
		{A3202D1F-25A0-4032-A934-7220E721EB15} = {70AE2780-DD5D-4AB5-ADF8-ACDD9E1ED95E}
		{8328EA39-F135-4532-8595-743C63BBE76A} = {70AE2780-DD5D-4AB5-ADF8-ACDD9E1ED95E}
		{00A3DC21-E158-415C-AF68-4AFF3A442ACD} = {70AE2780-DD5D-4AB5-ADF8-ACDD9E1ED95E}
		{B08C99F3-E90A-4B7C-9D4F-8C52EE861894} = {884A3C6B-DC55-427F-ADB1-7C2D953A5FB3}
	EndGlobalSection
	GlobalSection(ExtensibilityGlobals) = postSolution
		SolutionGuid = {EE06BDF2-7CE7-47BF-8D3E-B05E3D632DC0}
	EndGlobalSection
EndGlobal
